
Microsoft Visual Studio Solution File, Format Version 12.00
# Visual Studio Version 16
VisualStudioVersion = 16.0.29926.136
MinimumVisualStudioVersion = 10.0.40219.1
Project("{FAE04EC0-301F-11D3-BF4B-00C04F79EFBC}") = "ContactsAppUI", "ContactsAppUI\ContactsAppUI.csproj", "{AFC482E2-1BEB-4D5D-9CD2-64F96BB1DD74}"
EndProject
Project("{FAE04EC0-301F-11D3-BF4B-00C04F79EFBC}") = "ContactsApp", "ContactsApp\ContactsApp.csproj", "{E43C0524-D201-4F4C-B511-DA04250CBD5C}"
EndProject
Global
	GlobalSection(SolutionConfigurationPlatforms) = preSolution
		Debug|Any CPU = Debug|Any CPU
		Release|Any CPU = Release|Any CPU
	EndGlobalSection
	GlobalSection(ProjectConfigurationPlatforms) = postSolution
		{AFC482E2-1BEB-4D5D-9CD2-64F96BB1DD74}.Debug|Any CPU.ActiveCfg = Debug|Any CPU
		{AFC482E2-1BEB-4D5D-9CD2-64F96BB1DD74}.Debug|Any CPU.Build.0 = Debug|Any CPU
		{AFC482E2-1BEB-4D5D-9CD2-64F96BB1DD74}.Release|Any CPU.ActiveCfg = Release|Any CPU
		{AFC482E2-1BEB-4D5D-9CD2-64F96BB1DD74}.Release|Any CPU.Build.0 = Release|Any CPU
		{E43C0524-D201-4F4C-B511-DA04250CBD5C}.Debug|Any CPU.ActiveCfg = Debug|Any CPU
		{E43C0524-D201-4F4C-B511-DA04250CBD5C}.Debug|Any CPU.Build.0 = Debug|Any CPU
		{E43C0524-D201-4F4C-B511-DA04250CBD5C}.Release|Any CPU.ActiveCfg = Release|Any CPU
		{E43C0524-D201-4F4C-B511-DA04250CBD5C}.Release|Any CPU.Build.0 = Release|Any CPU
	EndGlobalSection
	GlobalSection(SolutionProperties) = preSolution
		HideSolutionNode = FALSE
	EndGlobalSection
	GlobalSection(ExtensibilityGlobals) = postSolution
		SolutionGuid = {EEA604BA-FCC9-4BBE-B10A-98304F8EF1F0}
	EndGlobalSection
EndGlobal
